// !$*UTF8*$!
{
	archiveVersion = 1;
	classes = {
	};
	objectVersion = 77;
	objects = {

/* Begin PBXContainerItemProxy section */
		37554FFE2CF0EAD600DFE36A /* PBXContainerItemProxy */ = {
			isa = PBXContainerItemProxy;
			containerPortal = 37554FDF2CF0EAD300DFE36A /* Project object */;
			proxyType = 1;
			remoteGlobalIDString = 37554FE62CF0EAD300DFE36A;
			remoteInfo = TDD;
		};
		375550082CF0EAD600DFE36A /* PBXContainerItemProxy */ = {
			isa = PBXContainerItemProxy;
			containerPortal = 37554FDF2CF0EAD300DFE36A /* Project object */;
			proxyType = 1;
			remoteGlobalIDString = 37554FE62CF0EAD300DFE36A;
			remoteInfo = TDD;
		};
/* End PBXContainerItemProxy section */

/* Begin PBXFileReference section */
		37554FE72CF0EAD300DFE36A /* TDD.app */ = {isa = PBXFileReference; explicitFileType = wrapper.application; includeInIndex = 0; path = TDD.app; sourceTree = BUILT_PRODUCTS_DIR; };
		37554FFD2CF0EAD600DFE36A /* TDDTests.xctest */ = {isa = PBXFileReference; explicitFileType = wrapper.cfbundle; includeInIndex = 0; path = TDDTests.xctest; sourceTree = BUILT_PRODUCTS_DIR; };
		375550072CF0EAD600DFE36A /* TDDUITests.xctest */ = {isa = PBXFileReference; explicitFileType = wrapper.cfbundle; includeInIndex = 0; path = TDDUITests.xctest; sourceTree = BUILT_PRODUCTS_DIR; };
/* End PBXFileReference section */

/* Begin PBXFileSystemSynchronizedBuildFileExceptionSet section */
		3755500F2CF0EAD600DFE36A /* Exceptions for "TDD" folder in "TDD" target */ = {
			isa = PBXFileSystemSynchronizedBuildFileExceptionSet;
			membershipExceptions = (
				Info.plist,
			);
			target = 37554FE62CF0EAD300DFE36A /* TDD */;
		};
/* End PBXFileSystemSynchronizedBuildFileExceptionSet section */

/* Begin PBXFileSystemSynchronizedRootGroup section */
		37554FE92CF0EAD300DFE36A /* TDD */ = {
			isa = PBXFileSystemSynchronizedRootGroup;
			exceptions = (
				3755500F2CF0EAD600DFE36A /* Exceptions for "TDD" folder in "TDD" target */,
			);
			path = TDD;
			sourceTree = "<group>";
		};
		375550002CF0EAD600DFE36A /* TDDTests */ = {
			isa = PBXFileSystemSynchronizedRootGroup;
			path = TDDTests;
			sourceTree = "<group>";
		};
		3755500A2CF0EAD600DFE36A /* TDDUITests */ = {
			isa = PBXFileSystemSynchronizedRootGroup;
			path = TDDUITests;
			sourceTree = "<group>";
		};
/* End PBXFileSystemSynchronizedRootGroup section */

/* Begin PBXFrameworksBuildPhase section */
		37554FE42CF0EAD300DFE36A /* Frameworks */ = {
			isa = PBXFrameworksBuildPhase;
			buildActionMask = 2147483647;
			files = (
			);
			runOnlyForDeploymentPostprocessing = 0;
		};
		37554FFA2CF0EAD600DFE36A /* Frameworks */ = {
			isa = PBXFrameworksBuildPhase;
			buildActionMask = 2147483647;
			files = (
			);
			runOnlyForDeploymentPostprocessing = 0;
		};
		375550042CF0EAD600DFE36A /* Frameworks */ = {
			isa = PBXFrameworksBuildPhase;
			buildActionMask = 2147483647;
			files = (
			);
			runOnlyForDeploymentPostprocessing = 0;
		};
/* End PBXFrameworksBuildPhase section */

/* Begin PBXGroup section */
		37554FDE2CF0EAD300DFE36A = {
			isa = PBXGroup;
			children = (
				37554FE92CF0EAD300DFE36A /* TDD */,
				375550002CF0EAD600DFE36A /* TDDTests */,
				3755500A2CF0EAD600DFE36A /* TDDUITests */,
				37554FE82CF0EAD300DFE36A /* Products */,
			);
			sourceTree = "<group>";
		};
		37554FE82CF0EAD300DFE36A /* Products */ = {
			isa = PBXGroup;
			children = (
				37554FE72CF0EAD300DFE36A /* TDD.app */,
				37554FFD2CF0EAD600DFE36A /* TDDTests.xctest */,
				375550072CF0EAD600DFE36A /* TDDUITests.xctest */,
			);
			name = Products;
			sourceTree = "<group>";
		};
/* End PBXGroup section */

/* Begin PBXNativeTarget section */
		37554FE62CF0EAD300DFE36A /* TDD */ = {
			isa = PBXNativeTarget;
			buildConfigurationList = 375550102CF0EAD600DFE36A /* Build configuration list for PBXNativeTarget "TDD" */;
			buildPhases = (
				37554FE32CF0EAD300DFE36A /* Sources */,
				37554FE42CF0EAD300DFE36A /* Frameworks */,
				37554FE52CF0EAD300DFE36A /* Resources */,
			);
			buildRules = (
			);
			dependencies = (
			);
			fileSystemSynchronizedGroups = (
				37554FE92CF0EAD300DFE36A /* TDD */,
			);
			name = TDD;
			packageProductDependencies = (
			);
			productName = TDD;
			productReference = 37554FE72CF0EAD300DFE36A /* TDD.app */;
			productType = "com.apple.product-type.application";
		};
		37554FFC2CF0EAD600DFE36A /* TDDTests */ = {
			isa = PBXNativeTarget;
			buildConfigurationList = 375550152CF0EAD600DFE36A /* Build configuration list for PBXNativeTarget "TDDTests" */;
			buildPhases = (
				37554FF92CF0EAD600DFE36A /* Sources */,
				37554FFA2CF0EAD600DFE36A /* Frameworks */,
				37554FFB2CF0EAD600DFE36A /* Resources */,
			);
			buildRules = (
			);
			dependencies = (
				37554FFF2CF0EAD600DFE36A /* PBXTargetDependency */,
			);
			fileSystemSynchronizedGroups = (
				375550002CF0EAD600DFE36A /* TDDTests */,
			);
			name = TDDTests;
			packageProductDependencies = (
			);
			productName = TDDTests;
			productReference = 37554FFD2CF0EAD600DFE36A /* TDDTests.xctest */;
			productType = "com.apple.product-type.bundle.unit-test";
		};
		375550062CF0EAD600DFE36A /* TDDUITests */ = {
			isa = PBXNativeTarget;
			buildConfigurationList = 375550182CF0EAD600DFE36A /* Build configuration list for PBXNativeTarget "TDDUITests" */;
			buildPhases = (
				375550032CF0EAD600DFE36A /* Sources */,
				375550042CF0EAD600DFE36A /* Frameworks */,
				375550052CF0EAD600DFE36A /* Resources */,
			);
			buildRules = (
			);
			dependencies = (
				375550092CF0EAD600DFE36A /* PBXTargetDependency */,
			);
			fileSystemSynchronizedGroups = (
				3755500A2CF0EAD600DFE36A /* TDDUITests */,
			);
			name = TDDUITests;
			packageProductDependencies = (
			);
			productName = TDDUITests;
			productReference = 375550072CF0EAD600DFE36A /* TDDUITests.xctest */;
			productType = "com.apple.product-type.bundle.ui-testing";
		};
/* End PBXNativeTarget section */

/* Begin PBXProject section */
		37554FDF2CF0EAD300DFE36A /* Project object */ = {
			isa = PBXProject;
			attributes = {
				BuildIndependentTargetsInParallel = 1;
				LastSwiftUpdateCheck = 1610;
				LastUpgradeCheck = 1610;
				TargetAttributes = {
					37554FE62CF0EAD300DFE36A = {
						CreatedOnToolsVersion = 16.1;
					};
					37554FFC2CF0EAD600DFE36A = {
						CreatedOnToolsVersion = 16.1;
						TestTargetID = 37554FE62CF0EAD300DFE36A;
					};
					375550062CF0EAD600DFE36A = {
						CreatedOnToolsVersion = 16.1;
						TestTargetID = 37554FE62CF0EAD300DFE36A;
					};
				};
			};
			buildConfigurationList = 37554FE22CF0EAD300DFE36A /* Build configuration list for PBXProject "TDD" */;
			developmentRegion = en;
			hasScannedForEncodings = 0;
			knownRegions = (
				en,
				Base,
			);
			mainGroup = 37554FDE2CF0EAD300DFE36A;
			minimizedProjectReferenceProxies = 1;
			preferredProjectObjectVersion = 77;
			productRefGroup = 37554FE82CF0EAD300DFE36A /* Products */;
			projectDirPath = "";
			projectRoot = "";
			targets = (
				37554FE62CF0EAD300DFE36A /* TDD */,
				37554FFC2CF0EAD600DFE36A /* TDDTests */,
				375550062CF0EAD600DFE36A /* TDDUITests */,
			);
		};
/* End PBXProject section */

/* Begin PBXResourcesBuildPhase section */
		37554FE52CF0EAD300DFE36A /* Resources */ = {
			isa = PBXResourcesBuildPhase;
			buildActionMask = 2147483647;
			files = (
			);
			runOnlyForDeploymentPostprocessing = 0;
		};
		37554FFB2CF0EAD600DFE36A /* Resources */ = {
			isa = PBXResourcesBuildPhase;
			buildActionMask = 2147483647;
			files = (
			);
			runOnlyForDeploymentPostprocessing = 0;
		};
		375550052CF0EAD600DFE36A /* Resources */ = {
			isa = PBXResourcesBuildPhase;
			buildActionMask = 2147483647;
			files = (
			);
			runOnlyForDeploymentPostprocessing = 0;
		};
/* End PBXResourcesBuildPhase section */

/* Begin PBXSourcesBuildPhase section */
		37554FE32CF0EAD300DFE36A /* Sources */ = {
			isa = PBXSourcesBuildPhase;
			buildActionMask = 2147483647;
			files = (
			);
			runOnlyForDeploymentPostprocessing = 0;
		};
		37554FF92CF0EAD600DFE36A /* Sources */ = {
			isa = PBXSourcesBuildPhase;
			buildActionMask = 2147483647;
			files = (
			);
			runOnlyForDeploymentPostprocessing = 0;
		};
		375550032CF0EAD600DFE36A /* Sources */ = {
			isa = PBXSourcesBuildPhase;
			buildActionMask = 2147483647;
			files = (
			);
			runOnlyForDeploymentPostprocessing = 0;
		};
/* End PBXSourcesBuildPhase section */

/* Begin PBXTargetDependency section */
		37554FFF2CF0EAD600DFE36A /* PBXTargetDependency */ = {
			isa = PBXTargetDependency;
			target = 37554FE62CF0EAD300DFE36A /* TDD */;
			targetProxy = 37554FFE2CF0EAD600DFE36A /* PBXContainerItemProxy */;
		};
		375550092CF0EAD600DFE36A /* PBXTargetDependency */ = {
			isa = PBXTargetDependency;
			target = 37554FE62CF0EAD300DFE36A /* TDD */;
			targetProxy = 375550082CF0EAD600DFE36A /* PBXContainerItemProxy */;
		};
/* End PBXTargetDependency section */

/* Begin XCBuildConfiguration section */
		375550112CF0EAD600DFE36A /* Debug */ = {
			isa = XCBuildConfiguration;
			buildSettings = {
				ASSETCATALOG_COMPILER_APPICON_NAME = AppIcon;
				ASSETCATALOG_COMPILER_GLOBAL_ACCENT_COLOR_NAME = AccentColor;
				CODE_SIGN_STYLE = Automatic;
				CURRENT_PROJECT_VERSION = 1;
				GENERATE_INFOPLIST_FILE = YES;
				INFOPLIST_FILE = TDD/Info.plist;
				INFOPLIST_KEY_UIApplicationSupportsIndirectInputEvents = YES;
				INFOPLIST_KEY_UILaunchStoryboardName = LaunchScreen;
				INFOPLIST_KEY_UIMainStoryboardFile = Main;
				INFOPLIST_KEY_UISupportedInterfaceOrientations_iPad = "UIInterfaceOrientationPortrait UIInterfaceOrientationPortraitUpsideDown UIInterfaceOrientationLandscapeLeft UIInterfaceOrientationLandscapeRight";
				INFOPLIST_KEY_UISupportedInterfaceOrientations_iPhone = "UIInterfaceOrientationPortrait UIInterfaceOrientationLandscapeLeft UIInterfaceOrientationLandscapeRight";
				LD_RUNPATH_SEARCH_PATHS = (
					"$(inherited)",
					"@executable_path/Frameworks",
				);
				MARKETING_VERSION = 1.0;
				PRODUCT_BUNDLE_IDENTIFIER = com.apolis.TDD;
				PRODUCT_NAME = "$(TARGET_NAME)";
				SWIFT_EMIT_LOC_STRINGS = YES;
				SWIFT_VERSION = 5.0;
				TARGETED_DEVICE_FAMILY = "1,2";
			};
			name = Debug;
		};
		375550122CF0EAD600DFE36A /* Release */ = {
			isa = XCBuildConfiguration;
			buildSettings = {
				ASSETCATALOG_COMPILER_APPICON_NAME = AppIcon;
				ASSETCATALOG_COMPILER_GLOBAL_ACCENT_COLOR_NAME = AccentColor;
				CODE_SIGN_STYLE = Automatic;
				CURRENT_PROJECT_VERSION = 1;
				GENERATE_INFOPLIST_FILE = YES;
				INFOPLIST_FILE = TDD/Info.plist;
				INFOPLIST_KEY_UIApplicationSupportsIndirectInputEvents = YES;
				INFOPLIST_KEY_UILaunchStoryboardName = LaunchScreen;
				INFOPLIST_KEY_UIMainStoryboardFile = Main;
				INFOPLIST_KEY_UISupportedInterfaceOrientations_iPad = "UIInterfaceOrientationPortrait UIInterfaceOrientationPortraitUpsideDown UIInterfaceOrientationLandscapeLeft UIInterfaceOrientationLandscapeRight";
				INFOPLIST_KEY_UISupportedInterfaceOrientations_iPhone = "UIInterfaceOrientationPortrait UIInterfaceOrientationLandscapeLeft UIInterfaceOrientationLandscapeRight";
				LD_RUNPATH_SEARCH_PATHS = (
					"$(inherited)",
					"@executable_path/Frameworks",
				);
				MARKETING_VERSION = 1.0;
				PRODUCT_BUNDLE_IDENTIFIER = com.apolis.TDD;
				PRODUCT_NAME = "$(TARGET_NAME)";
				SWIFT_EMIT_LOC_STRINGS = YES;
				SWIFT_VERSION = 5.0;
				TARGETED_DEVICE_FAMILY = "1,2";
			};
			name = Release;
		};
		375550132CF0EAD600DFE36A /* Debug */ = {
			isa = XCBuildConfiguration;
			buildSettings = {
				ALWAYS_SEARCH_USER_PATHS = NO;
				ASSETCATALOG_COMPILER_GENERATE_SWIFT_ASSET_SYMBOL_EXTENSIONS = YES;
				CLANG_ANALYZER_NONNULL = YES;
				CLANG_ANALYZER_NUMBER_OBJECT_CONVERSION = YES_AGGRESSIVE;
				CLANG_CXX_LANGUAGE_STANDARD = "gnu++20";
				CLANG_ENABLE_MODULES = YES;
				CLANG_ENABLE_OBJC_ARC = YES;
				CLANG_ENABLE_OBJC_WEAK = YES;
				CLANG_WARN_BLOCK_CAPTURE_AUTORELEASING = YES;
				CLANG_WARN_BOOL_CONVERSION = YES;
				CLANG_WARN_COMMA = YES;
				CLANG_WARN_CONSTANT_CONVERSION = YES;
				CLANG_WARN_DEPRECATED_OBJC_IMPLEMENTATIONS = YES;
				CLANG_WARN_DIRECT_OBJC_ISA_USAGE = YES_ERROR;
				CLANG_WARN_DOCUMENTATION_COMMENTS = YES;
				CLANG_WARN_EMPTY_BODY = YES;
				CLANG_WARN_ENUM_CONVERSION = YES;
				CLANG_WARN_INFINITE_RECURSION = YES;
				CLANG_WARN_INT_CONVERSION = YES;
				CLANG_WARN_NON_LITERAL_NULL_CONVERSION = YES;
				CLANG_WARN_OBJC_IMPLICIT_RETAIN_SELF = YES;
				CLANG_WARN_OBJC_LITERAL_CONVERSION = YES;
				CLANG_WARN_OBJC_ROOT_CLASS = YES_ERROR;
				CLANG_WARN_QUOTED_INCLUDE_IN_FRAMEWORK_HEADER = YES;
				CLANG_WARN_RANGE_LOOP_ANALYSIS = YES;
				CLANG_WARN_STRICT_PROTOTYPES = YES;
				CLANG_WARN_SUSPICIOUS_MOVE = YES;
				CLANG_WARN_UNGUARDED_AVAILABILITY = YES_AGGRESSIVE;
				CLANG_WARN_UNREACHABLE_CODE = YES;
				CLANG_WARN__DUPLICATE_METHOD_MATCH = YES;
				COPY_PHASE_STRIP = NO;
				DEBUG_INFORMATION_FORMAT = dwarf;
				ENABLE_STRICT_OBJC_MSGSEND = YES;
				ENABLE_TESTABILITY = YES;
				ENABLE_USER_SCRIPT_SANDBOXING = YES;
				GCC_C_LANGUAGE_STANDARD = gnu17;
				GCC_DYNAMIC_NO_PIC = NO;
				GCC_NO_COMMON_BLOCKS = YES;
				GCC_OPTIMIZATION_LEVEL = 0;
				GCC_PREPROCESSOR_DEFINITIONS = (
					"DEBUG=1",
					"$(inherited)",
				);
				GCC_WARN_64_TO_32_BIT_CONVERSION = YES;
				GCC_WARN_ABOUT_RETURN_TYPE = YES_ERROR;
				GCC_WARN_UNDECLARED_SELECTOR = YES;
				GCC_WARN_UNINITIALIZED_AUTOS = YES_AGGRESSIVE;
				GCC_WARN_UNUSED_FUNCTION = YES;
				GCC_WARN_UNUSED_VARIABLE = YES;
				IPHONEOS_DEPLOYMENT_TARGET = 18.1;
				LOCALIZATION_PREFERS_STRING_CATALOGS = YES;
				MTL_ENABLE_DEBUG_INFO = INCLUDE_SOURCE;
				MTL_FAST_MATH = YES;
				ONLY_ACTIVE_ARCH = YES;
				SDKROOT = iphoneos;
				SWIFT_ACTIVE_COMPILATION_CONDITIONS = "DEBUG $(inherited)";
				SWIFT_OPTIMIZATION_LEVEL = "-Onone";
			};
			name = Debug;
		};
		375550142CF0EAD600DFE36A /* Release */ = {
			isa = XCBuildConfiguration;
			buildSettings = {
				ALWAYS_SEARCH_USER_PATHS = NO;
				ASSETCATALOG_COMPILER_GENERATE_SWIFT_ASSET_SYMBOL_EXTENSIONS = YES;
				CLANG_ANALYZER_NONNULL = YES;
				CLANG_ANALYZER_NUMBER_OBJECT_CONVERSION = YES_AGGRESSIVE;
				CLANG_CXX_LANGUAGE_STANDARD = "gnu++20";
				CLANG_ENABLE_MODULES = YES;
				CLANG_ENABLE_OBJC_ARC = YES;
				CLANG_ENABLE_OBJC_WEAK = YES;
				CLANG_WARN_BLOCK_CAPTURE_AUTORELEASING = YES;
				CLANG_WARN_BOOL_CONVERSION = YES;
				CLANG_WARN_COMMA = YES;
				CLANG_WARN_CONSTANT_CONVERSION = YES;
				CLANG_WARN_DEPRECATED_OBJC_IMPLEMENTATIONS = YES;
				CLANG_WARN_DIRECT_OBJC_ISA_USAGE = YES_ERROR;
				CLANG_WARN_DOCUMENTATION_COMMENTS = YES;
				CLANG_WARN_EMPTY_BODY = YES;
				CLANG_WARN_ENUM_CONVERSION = YES;
				CLANG_WARN_INFINITE_RECURSION = YES;
				CLANG_WARN_INT_CONVERSION = YES;
				CLANG_WARN_NON_LITERAL_NULL_CONVERSION = YES;
				CLANG_WARN_OBJC_IMPLICIT_RETAIN_SELF = YES;
				CLANG_WARN_OBJC_LITERAL_CONVERSION = YES;
				CLANG_WARN_OBJC_ROOT_CLASS = YES_ERROR;
				CLANG_WARN_QUOTED_INCLUDE_IN_FRAMEWORK_HEADER = YES;
				CLANG_WARN_RANGE_LOOP_ANALYSIS = YES;
				CLANG_WARN_STRICT_PROTOTYPES = YES;
				CLANG_WARN_SUSPICIOUS_MOVE = YES;
				CLANG_WARN_UNGUARDED_AVAILABILITY = YES_AGGRESSIVE;
				CLANG_WARN_UNREACHABLE_CODE = YES;
				CLANG_WARN__DUPLICATE_METHOD_MATCH = YES;
				COPY_PHASE_STRIP = NO;
				DEBUG_INFORMATION_FORMAT = "dwarf-with-dsym";
				ENABLE_NS_ASSERTIONS = NO;
				ENABLE_STRICT_OBJC_MSGSEND = YES;
				ENABLE_USER_SCRIPT_SANDBOXING = YES;
				GCC_C_LANGUAGE_STANDARD = gnu17;
				GCC_NO_COMMON_BLOCKS = YES;
				GCC_WARN_64_TO_32_BIT_CONVERSION = YES;
				GCC_WARN_ABOUT_RETURN_TYPE = YES_ERROR;
				GCC_WARN_UNDECLARED_SELECTOR = YES;
				GCC_WARN_UNINITIALIZED_AUTOS = YES_AGGRESSIVE;
				GCC_WARN_UNUSED_FUNCTION = YES;
				GCC_WARN_UNUSED_VARIABLE = YES;
				IPHONEOS_DEPLOYMENT_TARGET = 18.1;
				LOCALIZATION_PREFERS_STRING_CATALOGS = YES;
				MTL_ENABLE_DEBUG_INFO = NO;
				MTL_FAST_MATH = YES;
				SDKROOT = iphoneos;
				SWIFT_COMPILATION_MODE = wholemodule;
				VALIDATE_PRODUCT = YES;
			};
			name = Release;
		};
		375550162CF0EAD600DFE36A /* Debug */ = {
			isa = XCBuildConfiguration;
			buildSettings = {
				BUNDLE_LOADER = "$(TEST_HOST)";
				CODE_SIGN_STYLE = Automatic;
				CURRENT_PROJECT_VERSION = 1;
				GENERATE_INFOPLIST_FILE = YES;
				IPHONEOS_DEPLOYMENT_TARGET = 18.1;
				MARKETING_VERSION = 1.0;
				PRODUCT_BUNDLE_IDENTIFIER = com.apolis.TDDTests;
				PRODUCT_NAME = "$(TARGET_NAME)";
				SWIFT_EMIT_LOC_STRINGS = NO;
				SWIFT_VERSION = 5.0;
				TARGETED_DEVICE_FAMILY = "1,2";
				TEST_HOST = "$(BUILT_PRODUCTS_DIR)/TDD.app/$(BUNDLE_EXECUTABLE_FOLDER_PATH)/TDD";
			};
			name = Debug;
		};
		375550172CF0EAD600DFE36A /* Release */ = {
			isa = XCBuildConfiguration;
			buildSettings = {
				BUNDLE_LOADER = "$(TEST_HOST)";
				CODE_SIGN_STYLE = Automatic;
				CURRENT_PROJECT_VERSION = 1;
				GENERATE_INFOPLIST_FILE = YES;
				IPHONEOS_DEPLOYMENT_TARGET = 18.1;
				MARKETING_VERSION = 1.0;
				PRODUCT_BUNDLE_IDENTIFIER = com.apolis.TDDTests;
				PRODUCT_NAME = "$(TARGET_NAME)";
				SWIFT_EMIT_LOC_STRINGS = NO;
				SWIFT_VERSION = 5.0;
				TARGETED_DEVICE_FAMILY = "1,2";
				TEST_HOST = "$(BUILT_PRODUCTS_DIR)/TDD.app/$(BUNDLE_EXECUTABLE_FOLDER_PATH)/TDD";
			};
			name = Release;
		};
		375550192CF0EAD600DFE36A /* Debug */ = {
			isa = XCBuildConfiguration;
			buildSettings = {
				CODE_SIGN_STYLE = Automatic;
				CURRENT_PROJECT_VERSION = 1;
				GENERATE_INFOPLIST_FILE = YES;
				MARKETING_VERSION = 1.0;
				PRODUCT_BUNDLE_IDENTIFIER = com.apolis.TDDUITests;
				PRODUCT_NAME = "$(TARGET_NAME)";
				SWIFT_EMIT_LOC_STRINGS = NO;
				SWIFT_VERSION = 5.0;
				TARGETED_DEVICE_FAMILY = "1,2";
				TEST_TARGET_NAME = TDD;
			};
			name = Debug;
		};
		3755501A2CF0EAD600DFE36A /* Release */ = {
			isa = XCBuildConfiguration;
			buildSettings = {
				CODE_SIGN_STYLE = Automatic;
				CURRENT_PROJECT_VERSION = 1;
				GENERATE_INFOPLIST_FILE = YES;
				MARKETING_VERSION = 1.0;
				PRODUCT_BUNDLE_IDENTIFIER = com.apolis.TDDUITests;
				PRODUCT_NAME = "$(TARGET_NAME)";
				SWIFT_EMIT_LOC_STRINGS = NO;
				SWIFT_VERSION = 5.0;
				TARGETED_DEVICE_FAMILY = "1,2";
				TEST_TARGET_NAME = TDD;
			};
			name = Release;
		};
/* End XCBuildConfiguration section */

/* Begin XCConfigurationList section */
		37554FE22CF0EAD300DFE36A /* Build configuration list for PBXProject "TDD" */ = {
			isa = XCConfigurationList;
			buildConfigurations = (
				375550132CF0EAD600DFE36A /* Debug */,
				375550142CF0EAD600DFE36A /* Release */,
			);
			defaultConfigurationIsVisible = 0;
			defaultConfigurationName = Release;
		};
		375550102CF0EAD600DFE36A /* Build configuration list for PBXNativeTarget "TDD" */ = {
			isa = XCConfigurationList;
			buildConfigurations = (
				375550112CF0EAD600DFE36A /* Debug */,
				375550122CF0EAD600DFE36A /* Release */,
			);
			defaultConfigurationIsVisible = 0;
			defaultConfigurationName = Release;
		};
		375550152CF0EAD600DFE36A /* Build configuration list for PBXNativeTarget "TDDTests" */ = {
			isa = XCConfigurationList;
			buildConfigurations = (
				375550162CF0EAD600DFE36A /* Debug */,
				375550172CF0EAD600DFE36A /* Release */,
			);
			defaultConfigurationIsVisible = 0;
			defaultConfigurationName = Release;
		};
		375550182CF0EAD600DFE36A /* Build configuration list for PBXNativeTarget "TDDUITests" */ = {
			isa = XCConfigurationList;
			buildConfigurations = (
				375550192CF0EAD600DFE36A /* Debug */,
				3755501A2CF0EAD600DFE36A /* Release */,
			);
			defaultConfigurationIsVisible = 0;
			defaultConfigurationName = Release;
		};
/* End XCConfigurationList section */
	};
	rootObject = 37554FDF2CF0EAD300DFE36A /* Project object */;
}
